
Microsoft Visual Studio Solution File, Format Version 12.00
# Visual Studio 2012
Project("{FAE04EC0-301F-11D3-BF4B-00C04F79EFBC}") = "WebServiceTestStudio", "WebServiceTestStudio.csproj", "{AB37297F-EF32-4A9C-8B4A-72363502AA26}"
EndProject
Project("{FAE04EC0-301F-11D3-BF4B-00C04F79EFBC}") = "UnitTests", "UnitTests\UnitTests.csproj", "{1D141C8D-3612-4C8A-8B5F-3C7690DC17F7}"
EndProject
Global
	GlobalSection(SolutionConfigurationPlatforms) = preSolution
		Debug|Any CPU = Debug|Any CPU
		Release|Any CPU = Release|Any CPU
	EndGlobalSection
	GlobalSection(ProjectConfigurationPlatforms) = postSolution
		{AB37297F-EF32-4A9C-8B4A-72363502AA26}.Debug|Any CPU.ActiveCfg = Debug|Any CPU
		{AB37297F-EF32-4A9C-8B4A-72363502AA26}.Debug|Any CPU.Build.0 = Debug|Any CPU
		{AB37297F-EF32-4A9C-8B4A-72363502AA26}.Release|Any CPU.ActiveCfg = Release|Any CPU
		{AB37297F-EF32-4A9C-8B4A-72363502AA26}.Release|Any CPU.Build.0 = Release|Any CPU
		{1D141C8D-3612-4C8A-8B5F-3C7690DC17F7}.Debug|Any CPU.ActiveCfg = Debug|Any CPU
		{1D141C8D-3612-4C8A-8B5F-3C7690DC17F7}.Debug|Any CPU.Build.0 = Debug|Any CPU
		{1D141C8D-3612-4C8A-8B5F-3C7690DC17F7}.Release|Any CPU.ActiveCfg = Release|Any CPU
		{1D141C8D-3612-4C8A-8B5F-3C7690DC17F7}.Release|Any CPU.Build.0 = Release|Any CPU
	EndGlobalSection
	GlobalSection(SolutionProperties) = preSolution
		HideSolutionNode = FALSE
	EndGlobalSection
EndGlobal
